
Microsoft Visual Studio Solution File, Format Version 11.00
# Visual Studio 2010
Project("{FAE04EC0-301F-11D3-BF4B-00C04F79EFBC}") = "Assembly-CSharp", "Assembly-CSharp.csproj", "{f4ac03f1-d09b-b62e-63c7-3efbedd1fe1b}"
EndProject
Project("{FAE04EC0-301F-11D3-BF4B-00C04F79EFBC}") = "Assembly-CSharp-Editor", "Assembly-CSharp-Editor.csproj", "{107052cc-e725-5484-45e9-b49ec65f09f6}"
EndProject
Global
	GlobalSection(SolutionConfigurationPlatforms) = preSolution
		Debug|Any CPU = Debug|Any CPU
	EndGlobalSection
	GlobalSection(ProjectConfigurationPlatforms) = postSolution
		{f4ac03f1-d09b-b62e-63c7-3efbedd1fe1b}.Debug|Any CPU.ActiveCfg = Debug|Any CPU
		{f4ac03f1-d09b-b62e-63c7-3efbedd1fe1b}.Debug|Any CPU.Build.0 = Debug|Any CPU
		{107052cc-e725-5484-45e9-b49ec65f09f6}.Debug|Any CPU.ActiveCfg = Debug|Any CPU
		{107052cc-e725-5484-45e9-b49ec65f09f6}.Debug|Any CPU.Build.0 = Debug|Any CPU
	EndGlobalSection
	GlobalSection(SolutionProperties) = preSolution
		HideSolutionNode = FALSE
	EndGlobalSection
EndGlobal
